
Microsoft Visual Studio Solution File, Format Version 12.00
# Visual Studio Version 16
VisualStudioVersion = 16.0.35130.168
MinimumVisualStudioVersion = 10.0.40219.1
Project("{FAE04EC0-301F-11D3-BF4B-00C04F79EFBC}") = "ProyectoBDMG51", "ProyectoBDMG51\ProyectoBDMG51.csproj", "{5182DDA7-77D6-49D6-8119-F5AF8658DD71}"
EndProject
Global
	GlobalSection(SolutionConfigurationPlatforms) = preSolution
		Debug|Any CPU = Debug|Any CPU
		Release|Any CPU = Release|Any CPU
	EndGlobalSection
	GlobalSection(ProjectConfigurationPlatforms) = postSolution
		{5182DDA7-77D6-49D6-8119-F5AF8658DD71}.Debug|Any CPU.ActiveCfg = Debug|Any CPU
		{5182DDA7-77D6-49D6-8119-F5AF8658DD71}.Debug|Any CPU.Build.0 = Debug|Any CPU
		{5182DDA7-77D6-49D6-8119-F5AF8658DD71}.Release|Any CPU.ActiveCfg = Release|Any CPU
		{5182DDA7-77D6-49D6-8119-F5AF8658DD71}.Release|Any CPU.Build.0 = Release|Any CPU
	EndGlobalSection
	GlobalSection(SolutionProperties) = preSolution
		HideSolutionNode = FALSE
	EndGlobalSection
	GlobalSection(ExtensibilityGlobals) = postSolution
		SolutionGuid = {5E94CB16-875C-4440-AD2B-819637ECD956}
	EndGlobalSection
EndGlobal
